
Microsoft Visual Studio Solution File, Format Version 12.00
# Visual Studio 15
VisualStudioVersion = 15.0.26730.12
MinimumVisualStudioVersion = 10.0.40219.1
Project("{FAE04EC0-301F-11D3-BF4B-00C04F79EFBC}") = "GREEDY", "GREEDY\GREEDY.csproj", "{17BD159E-CB7A-4B9D-B58B-EC670936D04C}"
EndProject
Project("{FAE04EC0-301F-11D3-BF4B-00C04F79EFBC}") = "GREEDY.UnitTests", "GREEDY.UnitTests\GREEDY.UnitTests.csproj", "{60F7FB9E-25C0-4014-A760-7261BFFB9E93}"
EndProject
Global
	GlobalSection(SolutionConfigurationPlatforms) = preSolution
		Debug|Any CPU = Debug|Any CPU
		Release|Any CPU = Release|Any CPU
	EndGlobalSection
	GlobalSection(ProjectConfigurationPlatforms) = postSolution
		{17BD159E-CB7A-4B9D-B58B-EC670936D04C}.Debug|Any CPU.ActiveCfg = Debug|Any CPU
		{17BD159E-CB7A-4B9D-B58B-EC670936D04C}.Debug|Any CPU.Build.0 = Debug|Any CPU
		{17BD159E-CB7A-4B9D-B58B-EC670936D04C}.Release|Any CPU.ActiveCfg = Release|Any CPU
		{17BD159E-CB7A-4B9D-B58B-EC670936D04C}.Release|Any CPU.Build.0 = Release|Any CPU
		{60F7FB9E-25C0-4014-A760-7261BFFB9E93}.Debug|Any CPU.ActiveCfg = Debug|Any CPU
		{60F7FB9E-25C0-4014-A760-7261BFFB9E93}.Debug|Any CPU.Build.0 = Debug|Any CPU
		{60F7FB9E-25C0-4014-A760-7261BFFB9E93}.Release|Any CPU.ActiveCfg = Release|Any CPU
		{60F7FB9E-25C0-4014-A760-7261BFFB9E93}.Release|Any CPU.Build.0 = Release|Any CPU
	EndGlobalSection
	GlobalSection(SolutionProperties) = preSolution
		HideSolutionNode = FALSE
	EndGlobalSection
	GlobalSection(ExtensibilityGlobals) = postSolution
		SolutionGuid = {0A184A7C-4075-4837-9600-A8609FF6A5E3}
	EndGlobalSection
EndGlobal
