
Microsoft Visual Studio Solution File, Format Version 12.00
# Visual Studio 15
VisualStudioVersion = 15.0.27004.2005
MinimumVisualStudioVersion = 10.0.40219.1
Project("{FAE04EC0-301F-11D3-BF4B-00C04F79EFBC}") = "GREEDY.UnitTests", "GREEDY.UnitTests\GREEDY.UnitTests.csproj", "{31DB6705-50BE-4A4F-AA46-2F0E5581F607}"
EndProject
Project("{9A19103F-16F7-4668-BE54-9A1E7A4F7556}") = "GREEDY", "GREEDY_WEB\GREEDY.csproj", "{52044526-7676-43B0-A0C6-DC0040163C1B}"
EndProject
Project("{FAE04EC0-301F-11D3-BF4B-00C04F79EFBC}") = "GREEDY SERVER", "GREEDY\GREEDY SERVER.csproj", "{84D65F88-DA5D-4E75-81B7-9DA3FDB47259}"
EndProject
Global
	GlobalSection(SolutionConfigurationPlatforms) = preSolution
		Debug|Any CPU = Debug|Any CPU
		Release|Any CPU = Release|Any CPU
	EndGlobalSection
	GlobalSection(ProjectConfigurationPlatforms) = postSolution
		{31DB6705-50BE-4A4F-AA46-2F0E5581F607}.Debug|Any CPU.ActiveCfg = Debug|Any CPU
		{31DB6705-50BE-4A4F-AA46-2F0E5581F607}.Debug|Any CPU.Build.0 = Debug|Any CPU
		{31DB6705-50BE-4A4F-AA46-2F0E5581F607}.Release|Any CPU.ActiveCfg = Release|Any CPU
		{31DB6705-50BE-4A4F-AA46-2F0E5581F607}.Release|Any CPU.Build.0 = Release|Any CPU
		{52044526-7676-43B0-A0C6-DC0040163C1B}.Debug|Any CPU.ActiveCfg = Debug|Any CPU
		{52044526-7676-43B0-A0C6-DC0040163C1B}.Debug|Any CPU.Build.0 = Debug|Any CPU
		{52044526-7676-43B0-A0C6-DC0040163C1B}.Release|Any CPU.ActiveCfg = Release|Any CPU
		{52044526-7676-43B0-A0C6-DC0040163C1B}.Release|Any CPU.Build.0 = Release|Any CPU
		{84D65F88-DA5D-4E75-81B7-9DA3FDB47259}.Debug|Any CPU.ActiveCfg = Debug|Any CPU
		{84D65F88-DA5D-4E75-81B7-9DA3FDB47259}.Debug|Any CPU.Build.0 = Debug|Any CPU
		{84D65F88-DA5D-4E75-81B7-9DA3FDB47259}.Release|Any CPU.ActiveCfg = Release|Any CPU
		{84D65F88-DA5D-4E75-81B7-9DA3FDB47259}.Release|Any CPU.Build.0 = Release|Any CPU
	EndGlobalSection
	GlobalSection(SolutionProperties) = preSolution
		HideSolutionNode = FALSE
	EndGlobalSection
	GlobalSection(ExtensibilityGlobals) = postSolution
		SolutionGuid = {0A184A7C-4075-4837-9600-A8609FF6A5E3}
	EndGlobalSection
EndGlobal
